// !$*UTF8*$!
{
	archiveVersion = 1;
	classes = {
	};
	objectVersion = 46;
	objects = {

/* Begin PBXBuildFile section */
		CCC80FBC1C23A30B00A6AD1E /* AppDelegate.swift in Sources */ = {isa = PBXBuildFile; fileRef = CCC80FBB1C23A30B00A6AD1E /* AppDelegate.swift */; };
		CCC80FBE1C23A30B00A6AD1E /* ViewController.swift in Sources */ = {isa = PBXBuildFile; fileRef = CCC80FBD1C23A30B00A6AD1E /* ViewController.swift */; };
		CCC80FC11C23A30B00A6AD1E /* Main.storyboard in Resources */ = {isa = PBXBuildFile; fileRef = CCC80FBF1C23A30B00A6AD1E /* Main.storyboard */; };
		CCC80FC31C23A30B00A6AD1E /* Assets.xcassets in Resources */ = {isa = PBXBuildFile; fileRef = CCC80FC21C23A30B00A6AD1E /* Assets.xcassets */; };
		CCC80FC61C23A30B00A6AD1E /* LaunchScreen.storyboard in Resources */ = {isa = PBXBuildFile; fileRef = CCC80FC41C23A30B00A6AD1E /* LaunchScreen.storyboard */; };
/* End PBXBuildFile section */

/* Begin PBXFileReference section */
		CCC80FB81C23A30B00A6AD1E /* tables.app */ = {isa = PBXFileReference; explicitFileType = wrapper.application; includeInIndex = 0; path = tables.app; sourceTree = BUILT_PRODUCTS_DIR; };
		CCC80FBB1C23A30B00A6AD1E /* AppDelegate.swift */ = {isa = PBXFileReference; lastKnownFileType = sourcecode.swift; path = AppDelegate.swift; sourceTree = "<group>"; };
		CCC80FBD1C23A30B00A6AD1E /* ViewController.swift */ = {isa = PBXFileReference; lastKnownFileType = sourcecode.swift; path = ViewController.swift; sourceTree = "<group>"; };
		CCC80FC01C23A30B00A6AD1E /* Base */ = {isa = PBXFileReference; lastKnownFileType = file.storyboard; name = Base; path = Base.lproj/Main.storyboard; sourceTree = "<group>"; };
		CCC80FC21C23A30B00A6AD1E /* Assets.xcassets */ = {isa = PBXFileReference; lastKnownFileType = folder.assetcatalog; path = Assets.xcassets; sourceTree = "<group>"; };
		CCC80FC51C23A30B00A6AD1E /* Base */ = {isa = PBXFileReference; lastKnownFileType = file.storyboard; name = Base; path = Base.lproj/LaunchScreen.storyboard; sourceTree = "<group>"; };
		CCC80FC71C23A30B00A6AD1E /* Info.plist */ = {isa = PBXFileReference; lastKnownFileType = text.plist.xml; path = Info.plist; sourceTree = "<group>"; };
/* End PBXFileReference section */

/* Begin PBXFrameworksBuildPhase section */
		CCC80FB51C23A30B00A6AD1E /* Frameworks */ = {
			isa = PBXFrameworksBuildPhase;
			buildActionMask = 2147483647;
			files = (
			);
			runOnlyForDeploymentPostprocessing = 0;
		};
/* End PBXFrameworksBuildPhase section */

/* Begin PBXGroup section */
		CCC80FAF1C23A30B00A6AD1E = {
			isa = PBXGroup;
			children = (
				CCC80FBA1C23A30B00A6AD1E /* tables */,
				CCC80FB91C23A30B00A6AD1E /* Products */,
			);
			sourceTree = "<group>";
		};
		CCC80FB91C23A30B00A6AD1E /* Products */ = {
			isa = PBXGroup;
			children = (
				CCC80FB81C23A30B00A6AD1E /* tables.app */,
			);
			name = Products;
			sourceTree = "<group>";
		};
		CCC80FBA1C23A30B00A6AD1E /* tables */ = {
			isa = PBXGroup;
			children = (
				CCC80FBB1C23A30B00A6AD1E /* AppDelegate.swift */,
				CCC80FBD1C23A30B00A6AD1E /* ViewController.swift */,
				CCC80FBF1C23A30B00A6AD1E /* Main.storyboard */,
				CCC80FC21C23A30B00A6AD1E /* Assets.xcassets */,
				CCC80FC41C23A30B00A6AD1E /* LaunchScreen.storyboard */,
				CCC80FC71C23A30B00A6AD1E /* Info.plist */,
			);
			path = tables;
			sourceTree = "<group>";
		};
/* End PBXGroup section */

/* Begin PBXNativeTarget section */
		CCC80FB71C23A30B00A6AD1E /* tables */ = {
			isa = PBXNativeTarget;
			buildConfigurationList = CCC80FCA1C23A30B00A6AD1E /* Build configuration list for PBXNativeTarget "tables" */;
			buildPhases = (
				CCC80FB41C23A30B00A6AD1E /* Sources */,
				CCC80FB51C23A30B00A6AD1E /* Frameworks */,
				CCC80FB61C23A30B00A6AD1E /* Resources */,
			);
			buildRules = (
			);
			dependencies = (
			);
			name = tables;
			productName = tables;
			productReference = CCC80FB81C23A30B00A6AD1E /* tables.app */;
			productType = "com.apple.product-type.application";
		};
/* End PBXNativeTarget section */

/* Begin PBXProject section */
		CCC80FB01C23A30B00A6AD1E /* Project object */ = {
			isa = PBXProject;
			attributes = {
				LastSwiftUpdateCheck = 0710;
				LastUpgradeCheck = 0710;
				ORGANIZATIONNAME = Ness;
				TargetAttributes = {
					CCC80FB71C23A30B00A6AD1E = {
						CreatedOnToolsVersion = 7.1.1;
					};
				};
			};
			buildConfigurationList = CCC80FB31C23A30B00A6AD1E /* Build configuration list for PBXProject "tables" */;
			compatibilityVersion = "Xcode 3.2";
			developmentRegion = English;
			hasScannedForEncodings = 0;
			knownRegions = (
				en,
				Base,
			);
			mainGroup = CCC80FAF1C23A30B00A6AD1E;
			productRefGroup = CCC80FB91C23A30B00A6AD1E /* Products */;
			projectDirPath = "";
			projectRoot = "";
			targets = (
				CCC80FB71C23A30B00A6AD1E /* tables */,
			);
		};
/* End PBXProject section */

/* Begin PBXResourcesBuildPhase section */
		CCC80FB61C23A30B00A6AD1E /* Resources */ = {
			isa = PBXResourcesBuildPhase;
			buildActionMask = 2147483647;
			files = (
				CCC80FC61C23A30B00A6AD1E /* LaunchScreen.storyboard in Resources */,
				CCC80FC31C23A30B00A6AD1E /* Assets.xcassets in Resources */,
				CCC80FC11C23A30B00A6AD1E /* Main.storyboard in Resources */,
			);
			runOnlyForDeploymentPostprocessing = 0;
		};
/* End PBXResourcesBuildPhase section */

/* Begin PBXSourcesBuildPhase section */
		CCC80FB41C23A30B00A6AD1E /* Sources */ = {
			isa = PBXSourcesBuildPhase;
			buildActionMask = 2147483647;
			files = (
				CCC80FBE1C23A30B00A6AD1E /* ViewController.swift in Sources */,
				CCC80FBC1C23A30B00A6AD1E /* AppDelegate.swift in Sources */,
			);
			runOnlyForDeploymentPostprocessing = 0;
		};
/* End PBXSourcesBuildPhase section */

/* Begin PBXVariantGroup section */
		CCC80FBF1C23A30B00A6AD1E /* Main.storyboard */ = {
			isa = PBXVariantGroup;
			children = (
				CCC80FC01C23A30B00A6AD1E /* Base */,
			);
			name = Main.storyboard;
			sourceTree = "<group>";
		};
		CCC80FC41C23A30B00A6AD1E /* LaunchScreen.storyboard */ = {
			isa = PBXVariantGroup;
			children = (
				CCC80FC51C23A30B00A6AD1E /* Base */,
			);
			name = LaunchScreen.storyboard;
			sourceTree = "<group>";
		};
/* End PBXVariantGroup section */

/* Begin XCBuildConfiguration section */
		CCC80FC81C23A30B00A6AD1E /* Debug */ = {
			isa = XCBuildConfiguration;
			buildSettings = {
				ALWAYS_SEARCH_USER_PATHS = NO;
				CLANG_CXX_LANGUAGE_STANDARD = "gnu++0x";
				CLANG_CXX_LIBRARY = "libc++";
				CLANG_ENABLE_MODULES = YES;
				CLANG_ENABLE_OBJC_ARC = YES;
				CLANG_WARN_BOOL_CONVERSION = YES;
				CLANG_WARN_CONSTANT_CONVERSION = YES;
				CLANG_WARN_DIRECT_OBJC_ISA_USAGE = YES_ERROR;
				CLANG_WARN_EMPTY_BODY = YES;
				CLANG_WARN_ENUM_CONVERSION = YES;
				CLANG_WARN_INT_CONVERSION = YES;
				CLANG_WARN_OBJC_ROOT_CLASS = YES_ERROR;
				CLANG_WARN_UNREACHABLE_CODE = YES;
				CLANG_WARN__DUPLICATE_METHOD_MATCH = YES;
				"CODE_SIGN_IDENTITY[sdk=iphoneos*]" = "iPhone Developer";
				COPY_PHASE_STRIP = NO;
				DEBUG_INFORMATION_FORMAT = dwarf;
				ENABLE_STRICT_OBJC_MSGSEND = YES;
				ENABLE_TESTABILITY = YES;
				GCC_C_LANGUAGE_STANDARD = gnu99;
				GCC_DYNAMIC_NO_PIC = NO;
				GCC_NO_COMMON_BLOCKS = YES;
				GCC_OPTIMIZATION_LEVEL = 0;
				GCC_PREPROCESSOR_DEFINITIONS = (
					"DEBUG=1",
					"$(inherited)",
				);
				GCC_WARN_64_TO_32_BIT_CONVERSION = YES;
				GCC_WARN_ABOUT_RETURN_TYPE = YES_ERROR;
				GCC_WARN_UNDECLARED_SELECTOR = YES;
				GCC_WARN_UNINITIALIZED_AUTOS = YES_AGGRESSIVE;
				GCC_WARN_UNUSED_FUNCTION = YES;
				GCC_WARN_UNUSED_VARIABLE = YES;
				IPHONEOS_DEPLOYMENT_TARGET = 9.1;
				MTL_ENABLE_DEBUG_INFO = YES;
				ONLY_ACTIVE_ARCH = YES;
				SDKROOT = iphoneos;
				SWIFT_OPTIMIZATION_LEVEL = "-Onone";
			};
			name = Debug;
		};
		CCC80FC91C23A30B00A6AD1E /* Release */ = {
			isa = XCBuildConfiguration;
			buildSettings = {
				ALWAYS_SEARCH_USER_PATHS = NO;
				CLANG_CXX_LANGUAGE_STANDARD = "gnu++0x";
				CLANG_CXX_LIBRARY = "libc++";
				CLANG_ENABLE_MODULES = YES;
				CLANG_ENABLE_OBJC_ARC = YES;
				CLANG_WARN_BOOL_CONVERSION = YES;
				CLANG_WARN_CONSTANT_CONVERSION = YES;
				CLANG_WARN_DIRECT_OBJC_ISA_USAGE = YES_ERROR;
				CLANG_WARN_EMPTY_BODY = YES;
				CLANG_WARN_ENUM_CONVERSION = YES;
				CLANG_WARN_INT_CONVERSION = YES;
				CLANG_WARN_OBJC_ROOT_CLASS = YES_ERROR;
				CLANG_WARN_UNREACHABLE_CODE = YES;
				CLANG_WARN__DUPLICATE_METHOD_MATCH = YES;
				"CODE_SIGN_IDENTITY[sdk=iphoneos*]" = "iPhone Developer";
				COPY_PHASE_STRIP = NO;
				DEBUG_INFORMATION_FORMAT = "dwarf-with-dsym";
				ENABLE_NS_ASSERTIONS = NO;
				ENABLE_STRICT_OBJC_MSGSEND = YES;
				GCC_C_LANGUAGE_STANDARD = gnu99;
				GCC_NO_COMMON_BLOCKS = YES;
				GCC_WARN_64_TO_32_BIT_CONVERSION = YES;
				GCC_WARN_ABOUT_RETURN_TYPE = YES_ERROR;
				GCC_WARN_UNDECLARED_SELECTOR = YES;
				GCC_WARN_UNINITIALIZED_AUTOS = YES_AGGRESSIVE;
				GCC_WARN_UNUSED_FUNCTION = YES;
				GCC_WARN_UNUSED_VARIABLE = YES;
				IPHONEOS_DEPLOYMENT_TARGET = 9.1;
				MTL_ENABLE_DEBUG_INFO = NO;
				SDKROOT = iphoneos;
				VALIDATE_PRODUCT = YES;
			};
			name = Release;
		};
		CCC80FCB1C23A30B00A6AD1E /* Debug */ = {
			isa = XCBuildConfiguration;
			buildSettings = {
				ASSETCATALOG_COMPILER_APPICON_NAME = AppIcon;
				INFOPLIST_FILE = tables/Info.plist;
				LD_RUNPATH_SEARCH_PATHS = "$(inherited) @executable_path/Frameworks";
				PRODUCT_BUNDLE_IDENTIFIER = com.ness.tables;
				PRODUCT_NAME = "$(TARGET_NAME)";
			};
			name = Debug;
		};
		CCC80FCC1C23A30B00A6AD1E /* Release */ = {
			isa = XCBuildConfiguration;
			buildSettings = {
				ASSETCATALOG_COMPILER_APPICON_NAME = AppIcon;
				INFOPLIST_FILE = tables/Info.plist;
				LD_RUNPATH_SEARCH_PATHS = "$(inherited) @executable_path/Frameworks";
				PRODUCT_BUNDLE_IDENTIFIER = com.ness.tables;
				PRODUCT_NAME = "$(TARGET_NAME)";
			};
			name = Release;
		};
/* End XCBuildConfiguration section */

/* Begin XCConfigurationList section */
		CCC80FB31C23A30B00A6AD1E /* Build configuration list for PBXProject "tables" */ = {
			isa = XCConfigurationList;
			buildConfigurations = (
				CCC80FC81C23A30B00A6AD1E /* Debug */,
				CCC80FC91C23A30B00A6AD1E /* Release */,
			);
			defaultConfigurationIsVisible = 0;
			defaultConfigurationName = Release;
		};
		CCC80FCA1C23A30B00A6AD1E /* Build configuration list for PBXNativeTarget "tables" */ = {
			isa = XCConfigurationList;
			buildConfigurations = (
				CCC80FCB1C23A30B00A6AD1E /* Debug */,
				CCC80FCC1C23A30B00A6AD1E /* Release */,
			);
			defaultConfigurationIsVisible = 0;
		};
/* End XCConfigurationList section */
	};
	rootObject = CCC80FB01C23A30B00A6AD1E /* Project object */;
}
