// !$*UTF8*$!
{
	archiveVersion = 1;
	classes = {
	};
	objectVersion = 46;
	objects = {

/* Begin PBXBuildFile section */
		8ED89FAC1EAF97F500837B1E /* Graph.swift in Sources */ = {isa = PBXBuildFile; fileRef = 8ED89FAB1EAF97F500837B1E /* Graph.swift */; };
		8EE511021EB4FC640050128B /* Sort.swift in Sources */ = {isa = PBXBuildFile; fileRef = 8EE511011EB4FC640050128B /* Sort.swift */; };
		CC4F48CA1EA427160024B833 /* TreeEx.swift in Sources */ = {isa = PBXBuildFile; fileRef = CC4F48C91EA427160024B833 /* TreeEx.swift */; };
		CCFAFCE31EA0786E0055F56F /* AppDelegate.swift in Sources */ = {isa = PBXBuildFile; fileRef = CCFAFCE21EA0786E0055F56F /* AppDelegate.swift */; };
		CCFAFCE51EA0786F0055F56F /* ViewController.swift in Sources */ = {isa = PBXBuildFile; fileRef = CCFAFCE41EA0786F0055F56F /* ViewController.swift */; };
		CCFAFCE81EA078700055F56F /* Main.storyboard in Resources */ = {isa = PBXBuildFile; fileRef = CCFAFCE61EA078700055F56F /* Main.storyboard */; };
		CCFAFCEA1EA078720055F56F /* Assets.xcassets in Resources */ = {isa = PBXBuildFile; fileRef = CCFAFCE91EA078720055F56F /* Assets.xcassets */; };
		CCFAFCED1EA078720055F56F /* LaunchScreen.storyboard in Resources */ = {isa = PBXBuildFile; fileRef = CCFAFCEB1EA078720055F56F /* LaunchScreen.storyboard */; };
		CCFAFCF51EA0788E0055F56F /* BinaryTree.swift in Sources */ = {isa = PBXBuildFile; fileRef = CCFAFCF41EA0788E0055F56F /* BinaryTree.swift */; };
		CCFAFCF71EA157570055F56F /* RedBlackTrees.swift in Sources */ = {isa = PBXBuildFile; fileRef = CCFAFCF61EA157570055F56F /* RedBlackTrees.swift */; };
/* End PBXBuildFile section */

/* Begin PBXFileReference section */
		8ED89FAB1EAF97F500837B1E /* Graph.swift */ = {isa = PBXFileReference; fileEncoding = 4; lastKnownFileType = sourcecode.swift; name = Graph.swift; path = ../Graph.swift; sourceTree = "<group>"; };
		8EE511011EB4FC640050128B /* Sort.swift */ = {isa = PBXFileReference; fileEncoding = 4; lastKnownFileType = sourcecode.swift; path = Sort.swift; sourceTree = "<group>"; };
		CC4F48C91EA427160024B833 /* TreeEx.swift */ = {isa = PBXFileReference; fileEncoding = 4; lastKnownFileType = sourcecode.swift; path = TreeEx.swift; sourceTree = "<group>"; };
		CCFAFCDF1EA0786D0055F56F /* DataStructsSwift.app */ = {isa = PBXFileReference; explicitFileType = wrapper.application; includeInIndex = 0; path = DataStructsSwift.app; sourceTree = BUILT_PRODUCTS_DIR; };
		CCFAFCE21EA0786E0055F56F /* AppDelegate.swift */ = {isa = PBXFileReference; lastKnownFileType = sourcecode.swift; path = AppDelegate.swift; sourceTree = "<group>"; };
		CCFAFCE41EA0786F0055F56F /* ViewController.swift */ = {isa = PBXFileReference; lastKnownFileType = sourcecode.swift; path = ViewController.swift; sourceTree = "<group>"; };
		CCFAFCE71EA078700055F56F /* Base */ = {isa = PBXFileReference; lastKnownFileType = file.storyboard; name = Base; path = Base.lproj/Main.storyboard; sourceTree = "<group>"; };
		CCFAFCE91EA078720055F56F /* Assets.xcassets */ = {isa = PBXFileReference; lastKnownFileType = folder.assetcatalog; path = Assets.xcassets; sourceTree = "<group>"; };
		CCFAFCEC1EA078720055F56F /* Base */ = {isa = PBXFileReference; lastKnownFileType = file.storyboard; name = Base; path = Base.lproj/LaunchScreen.storyboard; sourceTree = "<group>"; };
		CCFAFCEE1EA078720055F56F /* Info.plist */ = {isa = PBXFileReference; lastKnownFileType = text.plist.xml; path = Info.plist; sourceTree = "<group>"; };
		CCFAFCF41EA0788E0055F56F /* BinaryTree.swift */ = {isa = PBXFileReference; fileEncoding = 4; lastKnownFileType = sourcecode.swift; path = BinaryTree.swift; sourceTree = "<group>"; };
		CCFAFCF61EA157570055F56F /* RedBlackTrees.swift */ = {isa = PBXFileReference; fileEncoding = 4; lastKnownFileType = sourcecode.swift; path = RedBlackTrees.swift; sourceTree = "<group>"; };
/* End PBXFileReference section */

/* Begin PBXFrameworksBuildPhase section */
		CCFAFCDC1EA0786C0055F56F /* Frameworks */ = {
			isa = PBXFrameworksBuildPhase;
			buildActionMask = 2147483647;
			files = (
			);
			runOnlyForDeploymentPostprocessing = 0;
		};
/* End PBXFrameworksBuildPhase section */

/* Begin PBXGroup section */
		CCFAFCD61EA0786C0055F56F = {
			isa = PBXGroup;
			children = (
				CCFAFCE11EA0786E0055F56F /* DataStructsSwift */,
				CCFAFCE01EA0786D0055F56F /* Products */,
			);
			sourceTree = "<group>";
		};
		CCFAFCE01EA0786D0055F56F /* Products */ = {
			isa = PBXGroup;
			children = (
				CCFAFCDF1EA0786D0055F56F /* DataStructsSwift.app */,
			);
			name = Products;
			sourceTree = "<group>";
		};
		CCFAFCE11EA0786E0055F56F /* DataStructsSwift */ = {
			isa = PBXGroup;
			children = (
				CCFAFCE21EA0786E0055F56F /* AppDelegate.swift */,
				CCFAFCE41EA0786F0055F56F /* ViewController.swift */,
				CCFAFCE61EA078700055F56F /* Main.storyboard */,
				CCFAFCE91EA078720055F56F /* Assets.xcassets */,
				CCFAFCEB1EA078720055F56F /* LaunchScreen.storyboard */,
				CCFAFCEE1EA078720055F56F /* Info.plist */,
				CCFAFCF41EA0788E0055F56F /* BinaryTree.swift */,
				CCFAFCF61EA157570055F56F /* RedBlackTrees.swift */,
				CC4F48C91EA427160024B833 /* TreeEx.swift */,
				8ED89FAB1EAF97F500837B1E /* Graph.swift */,
				8EE511011EB4FC640050128B /* Sort.swift */,
			);
			path = DataStructsSwift;
			sourceTree = "<group>";
		};
/* End PBXGroup section */

/* Begin PBXNativeTarget section */
		CCFAFCDE1EA0786C0055F56F /* DataStructsSwift */ = {
			isa = PBXNativeTarget;
			buildConfigurationList = CCFAFCF11EA078720055F56F /* Build configuration list for PBXNativeTarget "DataStructsSwift" */;
			buildPhases = (
				CCFAFCDB1EA0786C0055F56F /* Sources */,
				CCFAFCDC1EA0786C0055F56F /* Frameworks */,
				CCFAFCDD1EA0786C0055F56F /* Resources */,
			);
			buildRules = (
			);
			dependencies = (
			);
			name = DataStructsSwift;
			productName = DataStructsSwift;
			productReference = CCFAFCDF1EA0786D0055F56F /* DataStructsSwift.app */;
			productType = "com.apple.product-type.application";
		};
/* End PBXNativeTarget section */

/* Begin PBXProject section */
		CCFAFCD71EA0786C0055F56F /* Project object */ = {
			isa = PBXProject;
			attributes = {
				LastSwiftUpdateCheck = 0830;
				LastUpgradeCheck = 0830;
				ORGANIZATIONNAME = Ness;
				TargetAttributes = {
					CCFAFCDE1EA0786C0055F56F = {
						CreatedOnToolsVersion = 8.3;
						ProvisioningStyle = Automatic;
					};
				};
			};
			buildConfigurationList = CCFAFCDA1EA0786C0055F56F /* Build configuration list for PBXProject "DataStructsSwift" */;
			compatibilityVersion = "Xcode 3.2";
			developmentRegion = English;
			hasScannedForEncodings = 0;
			knownRegions = (
				en,
				Base,
			);
			mainGroup = CCFAFCD61EA0786C0055F56F;
			productRefGroup = CCFAFCE01EA0786D0055F56F /* Products */;
			projectDirPath = "";
			projectRoot = "";
			targets = (
				CCFAFCDE1EA0786C0055F56F /* DataStructsSwift */,
			);
		};
/* End PBXProject section */

/* Begin PBXResourcesBuildPhase section */
		CCFAFCDD1EA0786C0055F56F /* Resources */ = {
			isa = PBXResourcesBuildPhase;
			buildActionMask = 2147483647;
			files = (
				CCFAFCED1EA078720055F56F /* LaunchScreen.storyboard in Resources */,
				CCFAFCEA1EA078720055F56F /* Assets.xcassets in Resources */,
				CCFAFCE81EA078700055F56F /* Main.storyboard in Resources */,
			);
			runOnlyForDeploymentPostprocessing = 0;
		};
/* End PBXResourcesBuildPhase section */

/* Begin PBXSourcesBuildPhase section */
		CCFAFCDB1EA0786C0055F56F /* Sources */ = {
			isa = PBXSourcesBuildPhase;
			buildActionMask = 2147483647;
			files = (
				8ED89FAC1EAF97F500837B1E /* Graph.swift in Sources */,
				CCFAFCE51EA0786F0055F56F /* ViewController.swift in Sources */,
				CCFAFCF71EA157570055F56F /* RedBlackTrees.swift in Sources */,
				CCFAFCE31EA0786E0055F56F /* AppDelegate.swift in Sources */,
				8EE511021EB4FC640050128B /* Sort.swift in Sources */,
				CC4F48CA1EA427160024B833 /* TreeEx.swift in Sources */,
				CCFAFCF51EA0788E0055F56F /* BinaryTree.swift in Sources */,
			);
			runOnlyForDeploymentPostprocessing = 0;
		};
/* End PBXSourcesBuildPhase section */

/* Begin PBXVariantGroup section */
		CCFAFCE61EA078700055F56F /* Main.storyboard */ = {
			isa = PBXVariantGroup;
			children = (
				CCFAFCE71EA078700055F56F /* Base */,
			);
			name = Main.storyboard;
			sourceTree = "<group>";
		};
		CCFAFCEB1EA078720055F56F /* LaunchScreen.storyboard */ = {
			isa = PBXVariantGroup;
			children = (
				CCFAFCEC1EA078720055F56F /* Base */,
			);
			name = LaunchScreen.storyboard;
			sourceTree = "<group>";
		};
/* End PBXVariantGroup section */

/* Begin XCBuildConfiguration section */
		CCFAFCEF1EA078720055F56F /* Debug */ = {
			isa = XCBuildConfiguration;
			buildSettings = {
				ALWAYS_SEARCH_USER_PATHS = NO;
				CLANG_ANALYZER_NONNULL = YES;
				CLANG_ANALYZER_NUMBER_OBJECT_CONVERSION = YES_AGGRESSIVE;
				CLANG_CXX_LANGUAGE_STANDARD = "gnu++0x";
				CLANG_CXX_LIBRARY = "libc++";
				CLANG_ENABLE_MODULES = YES;
				CLANG_ENABLE_OBJC_ARC = YES;
				CLANG_WARN_BOOL_CONVERSION = YES;
				CLANG_WARN_CONSTANT_CONVERSION = YES;
				CLANG_WARN_DIRECT_OBJC_ISA_USAGE = YES_ERROR;
				CLANG_WARN_DOCUMENTATION_COMMENTS = YES;
				CLANG_WARN_EMPTY_BODY = YES;
				CLANG_WARN_ENUM_CONVERSION = YES;
				CLANG_WARN_INFINITE_RECURSION = YES;
				CLANG_WARN_INT_CONVERSION = YES;
				CLANG_WARN_OBJC_ROOT_CLASS = YES_ERROR;
				CLANG_WARN_SUSPICIOUS_MOVE = YES;
				CLANG_WARN_UNREACHABLE_CODE = YES;
				CLANG_WARN__DUPLICATE_METHOD_MATCH = YES;
				"CODE_SIGN_IDENTITY[sdk=iphoneos*]" = "iPhone Developer";
				COPY_PHASE_STRIP = NO;
				DEBUG_INFORMATION_FORMAT = dwarf;
				ENABLE_STRICT_OBJC_MSGSEND = YES;
				ENABLE_TESTABILITY = YES;
				GCC_C_LANGUAGE_STANDARD = gnu99;
				GCC_DYNAMIC_NO_PIC = NO;
				GCC_NO_COMMON_BLOCKS = YES;
				GCC_OPTIMIZATION_LEVEL = 0;
				GCC_PREPROCESSOR_DEFINITIONS = (
					"DEBUG=1",
					"$(inherited)",
				);
				GCC_WARN_64_TO_32_BIT_CONVERSION = YES;
				GCC_WARN_ABOUT_RETURN_TYPE = YES_ERROR;
				GCC_WARN_UNDECLARED_SELECTOR = YES;
				GCC_WARN_UNINITIALIZED_AUTOS = YES_AGGRESSIVE;
				GCC_WARN_UNUSED_FUNCTION = YES;
				GCC_WARN_UNUSED_VARIABLE = YES;
				IPHONEOS_DEPLOYMENT_TARGET = 10.3;
				MTL_ENABLE_DEBUG_INFO = YES;
				ONLY_ACTIVE_ARCH = YES;
				SDKROOT = iphoneos;
				SWIFT_ACTIVE_COMPILATION_CONDITIONS = DEBUG;
				SWIFT_OPTIMIZATION_LEVEL = "-Onone";
			};
			name = Debug;
		};
		CCFAFCF01EA078720055F56F /* Release */ = {
			isa = XCBuildConfiguration;
			buildSettings = {
				ALWAYS_SEARCH_USER_PATHS = NO;
				CLANG_ANALYZER_NONNULL = YES;
				CLANG_ANALYZER_NUMBER_OBJECT_CONVERSION = YES_AGGRESSIVE;
				CLANG_CXX_LANGUAGE_STANDARD = "gnu++0x";
				CLANG_CXX_LIBRARY = "libc++";
				CLANG_ENABLE_MODULES = YES;
				CLANG_ENABLE_OBJC_ARC = YES;
				CLANG_WARN_BOOL_CONVERSION = YES;
				CLANG_WARN_CONSTANT_CONVERSION = YES;
				CLANG_WARN_DIRECT_OBJC_ISA_USAGE = YES_ERROR;
				CLANG_WARN_DOCUMENTATION_COMMENTS = YES;
				CLANG_WARN_EMPTY_BODY = YES;
				CLANG_WARN_ENUM_CONVERSION = YES;
				CLANG_WARN_INFINITE_RECURSION = YES;
				CLANG_WARN_INT_CONVERSION = YES;
				CLANG_WARN_OBJC_ROOT_CLASS = YES_ERROR;
				CLANG_WARN_SUSPICIOUS_MOVE = YES;
				CLANG_WARN_UNREACHABLE_CODE = YES;
				CLANG_WARN__DUPLICATE_METHOD_MATCH = YES;
				"CODE_SIGN_IDENTITY[sdk=iphoneos*]" = "iPhone Developer";
				COPY_PHASE_STRIP = NO;
				DEBUG_INFORMATION_FORMAT = "dwarf-with-dsym";
				ENABLE_NS_ASSERTIONS = NO;
				ENABLE_STRICT_OBJC_MSGSEND = YES;
				GCC_C_LANGUAGE_STANDARD = gnu99;
				GCC_NO_COMMON_BLOCKS = YES;
				GCC_WARN_64_TO_32_BIT_CONVERSION = YES;
				GCC_WARN_ABOUT_RETURN_TYPE = YES_ERROR;
				GCC_WARN_UNDECLARED_SELECTOR = YES;
				GCC_WARN_UNINITIALIZED_AUTOS = YES_AGGRESSIVE;
				GCC_WARN_UNUSED_FUNCTION = YES;
				GCC_WARN_UNUSED_VARIABLE = YES;
				IPHONEOS_DEPLOYMENT_TARGET = 10.3;
				MTL_ENABLE_DEBUG_INFO = NO;
				SDKROOT = iphoneos;
				SWIFT_OPTIMIZATION_LEVEL = "-Owholemodule";
				VALIDATE_PRODUCT = YES;
			};
			name = Release;
		};
		CCFAFCF21EA078720055F56F /* Debug */ = {
			isa = XCBuildConfiguration;
			buildSettings = {
				ASSETCATALOG_COMPILER_APPICON_NAME = AppIcon;
				INFOPLIST_FILE = DataStructsSwift/Info.plist;
				LD_RUNPATH_SEARCH_PATHS = "$(inherited) @executable_path/Frameworks";
				PRODUCT_BUNDLE_IDENTIFIER = com.ness.DataStructsSwift;
				PRODUCT_NAME = "$(TARGET_NAME)";
				SWIFT_VERSION = 3.0;
			};
			name = Debug;
		};
		CCFAFCF31EA078720055F56F /* Release */ = {
			isa = XCBuildConfiguration;
			buildSettings = {
				ASSETCATALOG_COMPILER_APPICON_NAME = AppIcon;
				INFOPLIST_FILE = DataStructsSwift/Info.plist;
				LD_RUNPATH_SEARCH_PATHS = "$(inherited) @executable_path/Frameworks";
				PRODUCT_BUNDLE_IDENTIFIER = com.ness.DataStructsSwift;
				PRODUCT_NAME = "$(TARGET_NAME)";
				SWIFT_VERSION = 3.0;
			};
			name = Release;
		};
/* End XCBuildConfiguration section */

/* Begin XCConfigurationList section */
		CCFAFCDA1EA0786C0055F56F /* Build configuration list for PBXProject "DataStructsSwift" */ = {
			isa = XCConfigurationList;
			buildConfigurations = (
				CCFAFCEF1EA078720055F56F /* Debug */,
				CCFAFCF01EA078720055F56F /* Release */,
			);
			defaultConfigurationIsVisible = 0;
			defaultConfigurationName = Release;
		};
		CCFAFCF11EA078720055F56F /* Build configuration list for PBXNativeTarget "DataStructsSwift" */ = {
			isa = XCConfigurationList;
			buildConfigurations = (
				CCFAFCF21EA078720055F56F /* Debug */,
				CCFAFCF31EA078720055F56F /* Release */,
			);
			defaultConfigurationIsVisible = 0;
			defaultConfigurationName = Release;
		};
/* End XCConfigurationList section */
	};
	rootObject = CCFAFCD71EA0786C0055F56F /* Project object */;
}
