// !$*UTF8*$!
{
	archiveVersion = 1;
	classes = {
	};
	objectVersion = 46;
	objects = {

/* Begin PBXBuildFile section */
		CC2D7B781C2A3590008E176F /* AppDelegate.swift in Sources */ = {isa = PBXBuildFile; fileRef = CC2D7B771C2A3590008E176F /* AppDelegate.swift */; };
		CC2D7B7A1C2A3590008E176F /* ViewController.swift in Sources */ = {isa = PBXBuildFile; fileRef = CC2D7B791C2A3590008E176F /* ViewController.swift */; };
		CC2D7B7D1C2A3590008E176F /* Main.storyboard in Resources */ = {isa = PBXBuildFile; fileRef = CC2D7B7B1C2A3590008E176F /* Main.storyboard */; };
		CC2D7B7F1C2A3590008E176F /* Assets.xcassets in Resources */ = {isa = PBXBuildFile; fileRef = CC2D7B7E1C2A3590008E176F /* Assets.xcassets */; };
		CC2D7B821C2A3590008E176F /* LaunchScreen.storyboard in Resources */ = {isa = PBXBuildFile; fileRef = CC2D7B801C2A3590008E176F /* LaunchScreen.storyboard */; };
		CC2D7B8A1C2A4137008E176F /* PizzaCollectionViewController.swift in Sources */ = {isa = PBXBuildFile; fileRef = CC2D7B891C2A4137008E176F /* PizzaCollectionViewController.swift */; };
/* End PBXBuildFile section */

/* Begin PBXFileReference section */
		CC2D7B741C2A3590008E176F /* CollectionViews.app */ = {isa = PBXFileReference; explicitFileType = wrapper.application; includeInIndex = 0; path = CollectionViews.app; sourceTree = BUILT_PRODUCTS_DIR; };
		CC2D7B771C2A3590008E176F /* AppDelegate.swift */ = {isa = PBXFileReference; lastKnownFileType = sourcecode.swift; path = AppDelegate.swift; sourceTree = "<group>"; };
		CC2D7B791C2A3590008E176F /* ViewController.swift */ = {isa = PBXFileReference; lastKnownFileType = sourcecode.swift; path = ViewController.swift; sourceTree = "<group>"; };
		CC2D7B7C1C2A3590008E176F /* Base */ = {isa = PBXFileReference; lastKnownFileType = file.storyboard; name = Base; path = Base.lproj/Main.storyboard; sourceTree = "<group>"; };
		CC2D7B7E1C2A3590008E176F /* Assets.xcassets */ = {isa = PBXFileReference; lastKnownFileType = folder.assetcatalog; path = Assets.xcassets; sourceTree = "<group>"; };
		CC2D7B811C2A3590008E176F /* Base */ = {isa = PBXFileReference; lastKnownFileType = file.storyboard; name = Base; path = Base.lproj/LaunchScreen.storyboard; sourceTree = "<group>"; };
		CC2D7B831C2A3590008E176F /* Info.plist */ = {isa = PBXFileReference; lastKnownFileType = text.plist.xml; path = Info.plist; sourceTree = "<group>"; };
		CC2D7B891C2A4137008E176F /* PizzaCollectionViewController.swift */ = {isa = PBXFileReference; fileEncoding = 4; lastKnownFileType = sourcecode.swift; path = PizzaCollectionViewController.swift; sourceTree = "<group>"; };
/* End PBXFileReference section */

/* Begin PBXFrameworksBuildPhase section */
		CC2D7B711C2A3590008E176F /* Frameworks */ = {
			isa = PBXFrameworksBuildPhase;
			buildActionMask = 2147483647;
			files = (
			);
			runOnlyForDeploymentPostprocessing = 0;
		};
/* End PBXFrameworksBuildPhase section */

/* Begin PBXGroup section */
		CC2D7B6B1C2A3590008E176F = {
			isa = PBXGroup;
			children = (
				CC2D7B761C2A3590008E176F /* CollectionViews */,
				CC2D7B751C2A3590008E176F /* Products */,
			);
			sourceTree = "<group>";
		};
		CC2D7B751C2A3590008E176F /* Products */ = {
			isa = PBXGroup;
			children = (
				CC2D7B741C2A3590008E176F /* CollectionViews.app */,
			);
			name = Products;
			sourceTree = "<group>";
		};
		CC2D7B761C2A3590008E176F /* CollectionViews */ = {
			isa = PBXGroup;
			children = (
				CC2D7B771C2A3590008E176F /* AppDelegate.swift */,
				CC2D7B791C2A3590008E176F /* ViewController.swift */,
				CC2D7B7B1C2A3590008E176F /* Main.storyboard */,
				CC2D7B891C2A4137008E176F /* PizzaCollectionViewController.swift */,
				CC2D7B7E1C2A3590008E176F /* Assets.xcassets */,
				CC2D7B801C2A3590008E176F /* LaunchScreen.storyboard */,
				CC2D7B831C2A3590008E176F /* Info.plist */,
			);
			path = CollectionViews;
			sourceTree = "<group>";
		};
/* End PBXGroup section */

/* Begin PBXNativeTarget section */
		CC2D7B731C2A3590008E176F /* CollectionViews */ = {
			isa = PBXNativeTarget;
			buildConfigurationList = CC2D7B861C2A3590008E176F /* Build configuration list for PBXNativeTarget "CollectionViews" */;
			buildPhases = (
				CC2D7B701C2A3590008E176F /* Sources */,
				CC2D7B711C2A3590008E176F /* Frameworks */,
				CC2D7B721C2A3590008E176F /* Resources */,
			);
			buildRules = (
			);
			dependencies = (
			);
			name = CollectionViews;
			productName = CollectionViews;
			productReference = CC2D7B741C2A3590008E176F /* CollectionViews.app */;
			productType = "com.apple.product-type.application";
		};
/* End PBXNativeTarget section */

/* Begin PBXProject section */
		CC2D7B6C1C2A3590008E176F /* Project object */ = {
			isa = PBXProject;
			attributes = {
				LastSwiftUpdateCheck = 0710;
				LastUpgradeCheck = 0710;
				ORGANIZATIONNAME = Ness;
				TargetAttributes = {
					CC2D7B731C2A3590008E176F = {
						CreatedOnToolsVersion = 7.1.1;
					};
				};
			};
			buildConfigurationList = CC2D7B6F1C2A3590008E176F /* Build configuration list for PBXProject "CollectionViews" */;
			compatibilityVersion = "Xcode 3.2";
			developmentRegion = English;
			hasScannedForEncodings = 0;
			knownRegions = (
				en,
				Base,
			);
			mainGroup = CC2D7B6B1C2A3590008E176F;
			productRefGroup = CC2D7B751C2A3590008E176F /* Products */;
			projectDirPath = "";
			projectRoot = "";
			targets = (
				CC2D7B731C2A3590008E176F /* CollectionViews */,
			);
		};
/* End PBXProject section */

/* Begin PBXResourcesBuildPhase section */
		CC2D7B721C2A3590008E176F /* Resources */ = {
			isa = PBXResourcesBuildPhase;
			buildActionMask = 2147483647;
			files = (
				CC2D7B821C2A3590008E176F /* LaunchScreen.storyboard in Resources */,
				CC2D7B7F1C2A3590008E176F /* Assets.xcassets in Resources */,
				CC2D7B7D1C2A3590008E176F /* Main.storyboard in Resources */,
			);
			runOnlyForDeploymentPostprocessing = 0;
		};
/* End PBXResourcesBuildPhase section */

/* Begin PBXSourcesBuildPhase section */
		CC2D7B701C2A3590008E176F /* Sources */ = {
			isa = PBXSourcesBuildPhase;
			buildActionMask = 2147483647;
			files = (
				CC2D7B8A1C2A4137008E176F /* PizzaCollectionViewController.swift in Sources */,
				CC2D7B7A1C2A3590008E176F /* ViewController.swift in Sources */,
				CC2D7B781C2A3590008E176F /* AppDelegate.swift in Sources */,
			);
			runOnlyForDeploymentPostprocessing = 0;
		};
/* End PBXSourcesBuildPhase section */

/* Begin PBXVariantGroup section */
		CC2D7B7B1C2A3590008E176F /* Main.storyboard */ = {
			isa = PBXVariantGroup;
			children = (
				CC2D7B7C1C2A3590008E176F /* Base */,
			);
			name = Main.storyboard;
			sourceTree = "<group>";
		};
		CC2D7B801C2A3590008E176F /* LaunchScreen.storyboard */ = {
			isa = PBXVariantGroup;
			children = (
				CC2D7B811C2A3590008E176F /* Base */,
			);
			name = LaunchScreen.storyboard;
			sourceTree = "<group>";
		};
/* End PBXVariantGroup section */

/* Begin XCBuildConfiguration section */
		CC2D7B841C2A3590008E176F /* Debug */ = {
			isa = XCBuildConfiguration;
			buildSettings = {
				ALWAYS_SEARCH_USER_PATHS = NO;
				CLANG_CXX_LANGUAGE_STANDARD = "gnu++0x";
				CLANG_CXX_LIBRARY = "libc++";
				CLANG_ENABLE_MODULES = YES;
				CLANG_ENABLE_OBJC_ARC = YES;
				CLANG_WARN_BOOL_CONVERSION = YES;
				CLANG_WARN_CONSTANT_CONVERSION = YES;
				CLANG_WARN_DIRECT_OBJC_ISA_USAGE = YES_ERROR;
				CLANG_WARN_EMPTY_BODY = YES;
				CLANG_WARN_ENUM_CONVERSION = YES;
				CLANG_WARN_INT_CONVERSION = YES;
				CLANG_WARN_OBJC_ROOT_CLASS = YES_ERROR;
				CLANG_WARN_UNREACHABLE_CODE = YES;
				CLANG_WARN__DUPLICATE_METHOD_MATCH = YES;
				"CODE_SIGN_IDENTITY[sdk=iphoneos*]" = "iPhone Developer";
				COPY_PHASE_STRIP = NO;
				DEBUG_INFORMATION_FORMAT = dwarf;
				ENABLE_STRICT_OBJC_MSGSEND = YES;
				ENABLE_TESTABILITY = YES;
				GCC_C_LANGUAGE_STANDARD = gnu99;
				GCC_DYNAMIC_NO_PIC = NO;
				GCC_NO_COMMON_BLOCKS = YES;
				GCC_OPTIMIZATION_LEVEL = 0;
				GCC_PREPROCESSOR_DEFINITIONS = (
					"DEBUG=1",
					"$(inherited)",
				);
				GCC_WARN_64_TO_32_BIT_CONVERSION = YES;
				GCC_WARN_ABOUT_RETURN_TYPE = YES_ERROR;
				GCC_WARN_UNDECLARED_SELECTOR = YES;
				GCC_WARN_UNINITIALIZED_AUTOS = YES_AGGRESSIVE;
				GCC_WARN_UNUSED_FUNCTION = YES;
				GCC_WARN_UNUSED_VARIABLE = YES;
				IPHONEOS_DEPLOYMENT_TARGET = 9.1;
				MTL_ENABLE_DEBUG_INFO = YES;
				ONLY_ACTIVE_ARCH = YES;
				SDKROOT = iphoneos;
				SWIFT_OPTIMIZATION_LEVEL = "-Onone";
			};
			name = Debug;
		};
		CC2D7B851C2A3590008E176F /* Release */ = {
			isa = XCBuildConfiguration;
			buildSettings = {
				ALWAYS_SEARCH_USER_PATHS = NO;
				CLANG_CXX_LANGUAGE_STANDARD = "gnu++0x";
				CLANG_CXX_LIBRARY = "libc++";
				CLANG_ENABLE_MODULES = YES;
				CLANG_ENABLE_OBJC_ARC = YES;
				CLANG_WARN_BOOL_CONVERSION = YES;
				CLANG_WARN_CONSTANT_CONVERSION = YES;
				CLANG_WARN_DIRECT_OBJC_ISA_USAGE = YES_ERROR;
				CLANG_WARN_EMPTY_BODY = YES;
				CLANG_WARN_ENUM_CONVERSION = YES;
				CLANG_WARN_INT_CONVERSION = YES;
				CLANG_WARN_OBJC_ROOT_CLASS = YES_ERROR;
				CLANG_WARN_UNREACHABLE_CODE = YES;
				CLANG_WARN__DUPLICATE_METHOD_MATCH = YES;
				"CODE_SIGN_IDENTITY[sdk=iphoneos*]" = "iPhone Developer";
				COPY_PHASE_STRIP = NO;
				DEBUG_INFORMATION_FORMAT = "dwarf-with-dsym";
				ENABLE_NS_ASSERTIONS = NO;
				ENABLE_STRICT_OBJC_MSGSEND = YES;
				GCC_C_LANGUAGE_STANDARD = gnu99;
				GCC_NO_COMMON_BLOCKS = YES;
				GCC_WARN_64_TO_32_BIT_CONVERSION = YES;
				GCC_WARN_ABOUT_RETURN_TYPE = YES_ERROR;
				GCC_WARN_UNDECLARED_SELECTOR = YES;
				GCC_WARN_UNINITIALIZED_AUTOS = YES_AGGRESSIVE;
				GCC_WARN_UNUSED_FUNCTION = YES;
				GCC_WARN_UNUSED_VARIABLE = YES;
				IPHONEOS_DEPLOYMENT_TARGET = 9.1;
				MTL_ENABLE_DEBUG_INFO = NO;
				SDKROOT = iphoneos;
				VALIDATE_PRODUCT = YES;
			};
			name = Release;
		};
		CC2D7B871C2A3590008E176F /* Debug */ = {
			isa = XCBuildConfiguration;
			buildSettings = {
				ASSETCATALOG_COMPILER_APPICON_NAME = AppIcon;
				INFOPLIST_FILE = CollectionViews/Info.plist;
				LD_RUNPATH_SEARCH_PATHS = "$(inherited) @executable_path/Frameworks";
				PRODUCT_BUNDLE_IDENTIFIER = com.ness.CollectionViews;
				PRODUCT_NAME = "$(TARGET_NAME)";
			};
			name = Debug;
		};
		CC2D7B881C2A3590008E176F /* Release */ = {
			isa = XCBuildConfiguration;
			buildSettings = {
				ASSETCATALOG_COMPILER_APPICON_NAME = AppIcon;
				INFOPLIST_FILE = CollectionViews/Info.plist;
				LD_RUNPATH_SEARCH_PATHS = "$(inherited) @executable_path/Frameworks";
				PRODUCT_BUNDLE_IDENTIFIER = com.ness.CollectionViews;
				PRODUCT_NAME = "$(TARGET_NAME)";
			};
			name = Release;
		};
/* End XCBuildConfiguration section */

/* Begin XCConfigurationList section */
		CC2D7B6F1C2A3590008E176F /* Build configuration list for PBXProject "CollectionViews" */ = {
			isa = XCConfigurationList;
			buildConfigurations = (
				CC2D7B841C2A3590008E176F /* Debug */,
				CC2D7B851C2A3590008E176F /* Release */,
			);
			defaultConfigurationIsVisible = 0;
			defaultConfigurationName = Release;
		};
		CC2D7B861C2A3590008E176F /* Build configuration list for PBXNativeTarget "CollectionViews" */ = {
			isa = XCConfigurationList;
			buildConfigurations = (
				CC2D7B871C2A3590008E176F /* Debug */,
				CC2D7B881C2A3590008E176F /* Release */,
			);
			defaultConfigurationIsVisible = 0;
		};
/* End XCConfigurationList section */
	};
	rootObject = CC2D7B6C1C2A3590008E176F /* Project object */;
}
